{
  "nodes": {
    "autogit": {
      "inputs": {
        "nixpkgs": [
          "nixpkgs"
        ]
      },
      "locked": {
        "lastModified": 1720747023,
        "narHash": "sha256-bmbAK1sC2tFwAlCVEtqu4iAbo0pf/yR5Ry9kpHp2vGo=",
        "owner": "fpekal-nixos",
        "repo": "autogit",
        "rev": "25a57690f93ebd3c0bf48ef8801ae87a1baa178b",
        "type": "github"
      },
      "original": {
        "owner": "fpekal-nixos",
        "repo": "autogit",
        "type": "github"
      }
    },
    "devShells": {
      "inputs": {
        "nixpkgs": [
          "nixpkgs"
        ]
      },
      "locked": {
        "lastModified": 1720484182,
        "narHash": "sha256-sQmI2JBPl3pjmQV7VDFuT8HMCjxgbkDvKpih8aMbuic=",
        "owner": "fpekal-nixos",
        "repo": "devShells",
        "rev": "0384cdea857615c1429c81f864d6e41823fb344f",
        "type": "github"
      },
      "original": {
        "owner": "fpekal-nixos",
        "repo": "devShells",
        "type": "github"
      }
    },
    "launchpad": {
      "locked": {
        "lastModified": 1720725626,
        "narHash": "sha256-t+IJXnps1n2wuvS3RacRk3dof4fcno0765OjB8yrr6Q=",
        "owner": "fpekal-nixos",
        "repo": "launchpad",
        "rev": "4a5ac345bf4c0fbeb0ad12f5148cb02860da3f72",
        "type": "github"
      },
      "original": {
        "owner": "fpekal-nixos",
        "repo": "launchpad",
        "type": "github"
      }
    },
    "nixpkgs": {
      "locked": {
        "lastModified": 1720553833,
        "narHash": "sha256-IXMiHQMtdShDXcBW95ctA+m5Oq2kLxnBt7WlMxvDQXA=",
        "owner": "nixos",
        "repo": "nixpkgs",
        "rev": "249fbde2a178a2ea2638b65b9ecebd531b338cf9",
        "type": "github"
      },
      "original": {
        "owner": "nixos",
        "ref": "nixos-24.05",
        "repo": "nixpkgs",
        "type": "github"
      }
    },
    "root": {
      "inputs": {
        "autogit": "autogit",
        "devShells": "devShells",
        "launchpad": "launchpad",
        "nixpkgs": "nixpkgs"
      }
    }
  },
  "root": "root",
  "version": 7
}
