{
  "nodes": {
    "autogit": {
      "inputs": {
        "nixpkgs": [
          "nixpkgs"
        ]
      },
      "locked": {
        "lastModified": 1720752832,
        "narHash": "sha256-RXzATsyeFFlJuwGSFGOf8uHDPF7y9WhPRMQNVEpJQrI=",
        "owner": "fpekal-nixos",
        "repo": "autogit",
        "rev": "46be9feb20a9c0a00c808b730214f9e996f3eb18",
        "type": "github"
      },
      "original": {
        "owner": "fpekal-nixos",
        "repo": "autogit",
        "type": "github"
      }
    },
    "devShells": {
      "inputs": {
        "nixpkgs": [
          "nixpkgs"
        ]
      },
      "locked": {
        "lastModified": 1720484182,
        "narHash": "sha256-sQmI2JBPl3pjmQV7VDFuT8HMCjxgbkDvKpih8aMbuic=",
        "owner": "fpekal-nixos",
        "repo": "devShells",
        "rev": "0384cdea857615c1429c81f864d6e41823fb344f",
        "type": "github"
      },
      "original": {
        "owner": "fpekal-nixos",
        "repo": "devShells",
        "type": "github"
      }
    },
    "gate": {
      "inputs": {
        "nixpkgs": [
          "nixpkgs"
        ]
      },
      "locked": {
        "lastModified": 1720748325,
        "narHash": "sha256-oTYEuQdFwiG/+f89uLOE4tWvTi+8VgrORbUNBg+k630=",
        "owner": "fpekal-nixos",
        "repo": "gate",
        "rev": "56c52c3475f3aa5eec3df59546a5ec5670c1c24a",
        "type": "github"
      },
      "original": {
        "owner": "fpekal-nixos",
        "repo": "gate",
        "type": "github"
      }
    },
    "launchpad": {
      "locked": {
        "lastModified": 1720725626,
        "narHash": "sha256-t+IJXnps1n2wuvS3RacRk3dof4fcno0765OjB8yrr6Q=",
        "owner": "fpekal-nixos",
        "repo": "launchpad",
        "rev": "4a5ac345bf4c0fbeb0ad12f5148cb02860da3f72",
        "type": "github"
      },
      "original": {
        "owner": "fpekal-nixos",
        "repo": "launchpad",
        "type": "github"
      }
    },
    "nixpkgs": {
      "locked": {
        "lastModified": 1720553833,
        "narHash": "sha256-IXMiHQMtdShDXcBW95ctA+m5Oq2kLxnBt7WlMxvDQXA=",
        "owner": "nixos",
        "repo": "nixpkgs",
        "rev": "249fbde2a178a2ea2638b65b9ecebd531b338cf9",
        "type": "github"
      },
      "original": {
        "owner": "nixos",
        "ref": "nixos-24.05",
        "repo": "nixpkgs",
        "type": "github"
      }
    },
    "root": {
      "inputs": {
        "autogit": "autogit",
        "devShells": "devShells",
        "gate": "gate",
        "launchpad": "launchpad",
        "nixpkgs": "nixpkgs",
        "super-cowsay": "super-cowsay"
      }
    },
    "super-cowsay": {
      "inputs": {
        "nixpkgs": [
          "nixpkgs"
        ]
      },
      "locked": {
        "lastModified": 1720800713,
        "narHash": "sha256-vhB08e4qsNfOBYhh2tSmNLmJfWGAlqGvKd033Y/E4Ho=",
        "owner": "fpekal-nixos",
        "repo": "super-cowsay",
        "rev": "affdc592c36a3448c639be4939d0e1d229e298e6",
        "type": "github"
      },
      "original": {
        "owner": "fpekal-nixos",
        "repo": "super-cowsay",
        "type": "github"
      }
    }
  },
  "root": "root",
  "version": 7
}
